
Microsoft Visual Studio Solution File, Format Version 12.00
# Visual Studio Version 17
VisualStudioVersion = 17.0.31903.59
MinimumVisualStudioVersion = 10.0.40219.1
Project("{FAE04EC0-301F-11D3-BF4B-00C04F79EFBC}") = "Auto Game Messenger Application", "Auto Game Messenger Application\Auto Game Messenger Application.csproj", "{7FCDC41B-8794-4D61-A383-F0ECE12588F4}"
EndProject
Global
	GlobalSection(SolutionConfigurationPlatforms) = preSolution
		Debug|Any CPU = Debug|Any CPU
		Release|Any CPU = Release|Any CPU
	EndGlobalSection
	GlobalSection(ProjectConfigurationPlatforms) = postSolution
		{7FCDC41B-8794-4D61-A383-F0ECE12588F4}.Debug|Any CPU.ActiveCfg = Debug|Any CPU
		{7FCDC41B-8794-4D61-A383-F0ECE12588F4}.Debug|Any CPU.Build.0 = Debug|Any CPU
		{7FCDC41B-8794-4D61-A383-F0ECE12588F4}.Release|Any CPU.ActiveCfg = Release|Any CPU
		{7FCDC41B-8794-4D61-A383-F0ECE12588F4}.Release|Any CPU.Build.0 = Release|Any CPU
	EndGlobalSection
	GlobalSection(SolutionProperties) = preSolution
		HideSolutionNode = FALSE
	EndGlobalSection
	GlobalSection(ExtensibilityGlobals) = postSolution
		SolutionGuid = {EC12A18A-FE34-4B3B-A460-EE4975789C9B}
	EndGlobalSection
EndGlobal
